
Microsoft Visual Studio Solution File, Format Version 12.00
# Visual Studio 15
VisualStudioVersion = 15.0.28010.2050
MinimumVisualStudioVersion = 10.0.40219.1
Project("{9A19103F-16F7-4668-BE54-9A1E7A4F7556}") = "C229_G4", "C229_G4\C229_G4.csproj", "{59172CE5-99E5-4BBA-9C84-7E51B0A419DE}"
EndProject
Global
	GlobalSection(SolutionConfigurationPlatforms) = preSolution
		Debug|Any CPU = Debug|Any CPU
		Release|Any CPU = Release|Any CPU
	EndGlobalSection
	GlobalSection(ProjectConfigurationPlatforms) = postSolution
		{59172CE5-99E5-4BBA-9C84-7E51B0A419DE}.Debug|Any CPU.ActiveCfg = Debug|Any CPU
		{59172CE5-99E5-4BBA-9C84-7E51B0A419DE}.Debug|Any CPU.Build.0 = Debug|Any CPU
		{59172CE5-99E5-4BBA-9C84-7E51B0A419DE}.Release|Any CPU.ActiveCfg = Release|Any CPU
		{59172CE5-99E5-4BBA-9C84-7E51B0A419DE}.Release|Any CPU.Build.0 = Release|Any CPU
	EndGlobalSection
	GlobalSection(SolutionProperties) = preSolution
		HideSolutionNode = FALSE
	EndGlobalSection
	GlobalSection(ExtensibilityGlobals) = postSolution
		SolutionGuid = {906936D8-6EE3-45F4-BFBB-B534ED379CC3}
	EndGlobalSection
EndGlobal
